
Microsoft Visual Studio Solution File, Format Version 12.00
# Visual Studio Version 17
VisualStudioVersion = 17.9.34723.18
MinimumVisualStudioVersion = 10.0.40219.1
Project("{2150E333-8FDC-42A3-9474-1A3956D46DE8}") = "src", "src", "{DEBA9174-FE87-4648-B9B3-094247735475}"
EndProject
Project("{2150E333-8FDC-42A3-9474-1A3956D46DE8}") = "Services", "Services", "{60101C5F-4079-49FF-9D83-ED82E241F144}"
EndProject
Project("{2150E333-8FDC-42A3-9474-1A3956D46DE8}") = "Catalog", "Catalog", "{E9FD26A4-BBB3-4E48-B127-4AB39D425F1E}"
EndProject
Project("{2150E333-8FDC-42A3-9474-1A3956D46DE8}") = "Command", "Command", "{99BA4539-39F6-4B1E-9BFC-78FCA84DD6BD}"
EndProject
Project("{2150E333-8FDC-42A3-9474-1A3956D46DE8}") = "Query", "Query", "{C245CA45-6D27-4D3A-AF3B-7E2AA99AF317}"
EndProject
Project("{9A19103F-16F7-4668-BE54-9A1E7A4F7556}") = "WorkerService", "src\Services\Catalog\Command\WorkerService\WorkerService.csproj", "{7E6016EB-1482-4497-BD2F-688B70F75D08}"
EndProject
Project("{9A19103F-16F7-4668-BE54-9A1E7A4F7556}") = "GrpcService", "src\Services\Catalog\Query\GrpcService\GrpcService.csproj", "{EDFC94CB-2EC4-4E56-A23F-DE60ADB587EA}"
EndProject
Project("{2150E333-8FDC-42A3-9474-1A3956D46DE8}") = "Web", "Web", "{2FFF947E-45C7-40E9-B763-13336FC6E985}"
EndProject
Project("{9A19103F-16F7-4668-BE54-9A1E7A4F7556}") = "WebApi", "src\Web\WebApi\WebApi.csproj", "{5CDFCF39-00C5-496A-991E-FA55C7FBB0DE}"
EndProject
Project("{9A19103F-16F7-4668-BE54-9A1E7A4F7556}") = "Contracts", "src\Contracts\Contracts.csproj", "{3D09B65C-B13F-47AB-9657-21312FE8CB0B}"
EndProject
Project("{FAE04EC0-301F-11D3-BF4B-00C04F79EFBC}") = "Application", "src\Services\Catalog\Command\Application\Application.csproj", "{A0B14344-37D5-4450-BD55-5C8F5CDEC4DF}"
EndProject
Project("{FAE04EC0-301F-11D3-BF4B-00C04F79EFBC}") = "Domain", "src\Services\Catalog\Command\Domain\Domain.csproj", "{34760B03-3B92-4BA0-84D5-B946BBCBA215}"
EndProject
Project("{FAE04EC0-301F-11D3-BF4B-00C04F79EFBC}") = "Infrastructure.EventStore", "src\Services\Catalog\Command\Infrastructure.EventStore\Infrastructure.EventStore.csproj", "{D86F406E-45E5-4A38-A177-7DDB0EDBBE13}"
EndProject
Project("{FAE04EC0-301F-11D3-BF4B-00C04F79EFBC}") = "Infrastructure.MessageBus", "src\Services\Catalog\Command\Infrastructure.MessageBus\Infrastructure.MessageBus.csproj", "{902E4927-BAE7-44DE-9402-FD1E58EFE47B}"
EndProject
Project("{FAE04EC0-301F-11D3-BF4B-00C04F79EFBC}") = "Application", "src\Services\Catalog\Query\Application\Application.csproj", "{5AEC8250-1144-412A-90B6-B3A3D6DAF90F}"
EndProject
Project("{FAE04EC0-301F-11D3-BF4B-00C04F79EFBC}") = "Infrastructure,EventBus", "src\Services\Catalog\Query\Infrastructure,EventBus\Infrastructure,EventBus.csproj", "{FE487B38-E764-43C1-9570-A96EDBE913B2}"
EndProject
Project("{FAE04EC0-301F-11D3-BF4B-00C04F79EFBC}") = "Infrastructure.Projections", "src\Services\Catalog\Query\Infrastructure.Projections\Infrastructure.Projections.csproj", "{05ECDE37-EB5D-44A3-B849-3903E370F413}"
EndProject
Global
	GlobalSection(SolutionConfigurationPlatforms) = preSolution
		Debug|Any CPU = Debug|Any CPU
		Release|Any CPU = Release|Any CPU
	EndGlobalSection
	GlobalSection(ProjectConfigurationPlatforms) = postSolution
		{7E6016EB-1482-4497-BD2F-688B70F75D08}.Debug|Any CPU.ActiveCfg = Debug|Any CPU
		{7E6016EB-1482-4497-BD2F-688B70F75D08}.Debug|Any CPU.Build.0 = Debug|Any CPU
		{7E6016EB-1482-4497-BD2F-688B70F75D08}.Release|Any CPU.ActiveCfg = Release|Any CPU
		{7E6016EB-1482-4497-BD2F-688B70F75D08}.Release|Any CPU.Build.0 = Release|Any CPU
		{EDFC94CB-2EC4-4E56-A23F-DE60ADB587EA}.Debug|Any CPU.ActiveCfg = Debug|Any CPU
		{EDFC94CB-2EC4-4E56-A23F-DE60ADB587EA}.Debug|Any CPU.Build.0 = Debug|Any CPU
		{EDFC94CB-2EC4-4E56-A23F-DE60ADB587EA}.Release|Any CPU.ActiveCfg = Release|Any CPU
		{EDFC94CB-2EC4-4E56-A23F-DE60ADB587EA}.Release|Any CPU.Build.0 = Release|Any CPU
		{5CDFCF39-00C5-496A-991E-FA55C7FBB0DE}.Debug|Any CPU.ActiveCfg = Debug|Any CPU
		{5CDFCF39-00C5-496A-991E-FA55C7FBB0DE}.Debug|Any CPU.Build.0 = Debug|Any CPU
		{5CDFCF39-00C5-496A-991E-FA55C7FBB0DE}.Release|Any CPU.ActiveCfg = Release|Any CPU
		{5CDFCF39-00C5-496A-991E-FA55C7FBB0DE}.Release|Any CPU.Build.0 = Release|Any CPU
		{3D09B65C-B13F-47AB-9657-21312FE8CB0B}.Debug|Any CPU.ActiveCfg = Debug|Any CPU
		{3D09B65C-B13F-47AB-9657-21312FE8CB0B}.Debug|Any CPU.Build.0 = Debug|Any CPU
		{3D09B65C-B13F-47AB-9657-21312FE8CB0B}.Release|Any CPU.ActiveCfg = Release|Any CPU
		{3D09B65C-B13F-47AB-9657-21312FE8CB0B}.Release|Any CPU.Build.0 = Release|Any CPU
		{A0B14344-37D5-4450-BD55-5C8F5CDEC4DF}.Debug|Any CPU.ActiveCfg = Debug|Any CPU
		{A0B14344-37D5-4450-BD55-5C8F5CDEC4DF}.Debug|Any CPU.Build.0 = Debug|Any CPU
		{A0B14344-37D5-4450-BD55-5C8F5CDEC4DF}.Release|Any CPU.ActiveCfg = Release|Any CPU
		{A0B14344-37D5-4450-BD55-5C8F5CDEC4DF}.Release|Any CPU.Build.0 = Release|Any CPU
		{34760B03-3B92-4BA0-84D5-B946BBCBA215}.Debug|Any CPU.ActiveCfg = Debug|Any CPU
		{34760B03-3B92-4BA0-84D5-B946BBCBA215}.Debug|Any CPU.Build.0 = Debug|Any CPU
		{34760B03-3B92-4BA0-84D5-B946BBCBA215}.Release|Any CPU.ActiveCfg = Release|Any CPU
		{34760B03-3B92-4BA0-84D5-B946BBCBA215}.Release|Any CPU.Build.0 = Release|Any CPU
		{D86F406E-45E5-4A38-A177-7DDB0EDBBE13}.Debug|Any CPU.ActiveCfg = Debug|Any CPU
		{D86F406E-45E5-4A38-A177-7DDB0EDBBE13}.Debug|Any CPU.Build.0 = Debug|Any CPU
		{D86F406E-45E5-4A38-A177-7DDB0EDBBE13}.Release|Any CPU.ActiveCfg = Release|Any CPU
		{D86F406E-45E5-4A38-A177-7DDB0EDBBE13}.Release|Any CPU.Build.0 = Release|Any CPU
		{902E4927-BAE7-44DE-9402-FD1E58EFE47B}.Debug|Any CPU.ActiveCfg = Debug|Any CPU
		{902E4927-BAE7-44DE-9402-FD1E58EFE47B}.Debug|Any CPU.Build.0 = Debug|Any CPU
		{902E4927-BAE7-44DE-9402-FD1E58EFE47B}.Release|Any CPU.ActiveCfg = Release|Any CPU
		{902E4927-BAE7-44DE-9402-FD1E58EFE47B}.Release|Any CPU.Build.0 = Release|Any CPU
		{5AEC8250-1144-412A-90B6-B3A3D6DAF90F}.Debug|Any CPU.ActiveCfg = Debug|Any CPU
		{5AEC8250-1144-412A-90B6-B3A3D6DAF90F}.Debug|Any CPU.Build.0 = Debug|Any CPU
		{5AEC8250-1144-412A-90B6-B3A3D6DAF90F}.Release|Any CPU.ActiveCfg = Release|Any CPU
		{5AEC8250-1144-412A-90B6-B3A3D6DAF90F}.Release|Any CPU.Build.0 = Release|Any CPU
		{FE487B38-E764-43C1-9570-A96EDBE913B2}.Debug|Any CPU.ActiveCfg = Debug|Any CPU
		{FE487B38-E764-43C1-9570-A96EDBE913B2}.Debug|Any CPU.Build.0 = Debug|Any CPU
		{FE487B38-E764-43C1-9570-A96EDBE913B2}.Release|Any CPU.ActiveCfg = Release|Any CPU
		{FE487B38-E764-43C1-9570-A96EDBE913B2}.Release|Any CPU.Build.0 = Release|Any CPU
		{05ECDE37-EB5D-44A3-B849-3903E370F413}.Debug|Any CPU.ActiveCfg = Debug|Any CPU
		{05ECDE37-EB5D-44A3-B849-3903E370F413}.Debug|Any CPU.Build.0 = Debug|Any CPU
		{05ECDE37-EB5D-44A3-B849-3903E370F413}.Release|Any CPU.ActiveCfg = Release|Any CPU
		{05ECDE37-EB5D-44A3-B849-3903E370F413}.Release|Any CPU.Build.0 = Release|Any CPU
	EndGlobalSection
	GlobalSection(SolutionProperties) = preSolution
		HideSolutionNode = FALSE
	EndGlobalSection
	GlobalSection(NestedProjects) = preSolution
		{60101C5F-4079-49FF-9D83-ED82E241F144} = {DEBA9174-FE87-4648-B9B3-094247735475}
		{E9FD26A4-BBB3-4E48-B127-4AB39D425F1E} = {60101C5F-4079-49FF-9D83-ED82E241F144}
		{99BA4539-39F6-4B1E-9BFC-78FCA84DD6BD} = {E9FD26A4-BBB3-4E48-B127-4AB39D425F1E}
		{C245CA45-6D27-4D3A-AF3B-7E2AA99AF317} = {E9FD26A4-BBB3-4E48-B127-4AB39D425F1E}
		{7E6016EB-1482-4497-BD2F-688B70F75D08} = {99BA4539-39F6-4B1E-9BFC-78FCA84DD6BD}
		{EDFC94CB-2EC4-4E56-A23F-DE60ADB587EA} = {C245CA45-6D27-4D3A-AF3B-7E2AA99AF317}
		{2FFF947E-45C7-40E9-B763-13336FC6E985} = {DEBA9174-FE87-4648-B9B3-094247735475}
		{5CDFCF39-00C5-496A-991E-FA55C7FBB0DE} = {2FFF947E-45C7-40E9-B763-13336FC6E985}
		{3D09B65C-B13F-47AB-9657-21312FE8CB0B} = {DEBA9174-FE87-4648-B9B3-094247735475}
		{A0B14344-37D5-4450-BD55-5C8F5CDEC4DF} = {99BA4539-39F6-4B1E-9BFC-78FCA84DD6BD}
		{34760B03-3B92-4BA0-84D5-B946BBCBA215} = {99BA4539-39F6-4B1E-9BFC-78FCA84DD6BD}
		{D86F406E-45E5-4A38-A177-7DDB0EDBBE13} = {99BA4539-39F6-4B1E-9BFC-78FCA84DD6BD}
		{902E4927-BAE7-44DE-9402-FD1E58EFE47B} = {99BA4539-39F6-4B1E-9BFC-78FCA84DD6BD}
		{5AEC8250-1144-412A-90B6-B3A3D6DAF90F} = {C245CA45-6D27-4D3A-AF3B-7E2AA99AF317}
		{FE487B38-E764-43C1-9570-A96EDBE913B2} = {C245CA45-6D27-4D3A-AF3B-7E2AA99AF317}
		{05ECDE37-EB5D-44A3-B849-3903E370F413} = {C245CA45-6D27-4D3A-AF3B-7E2AA99AF317}
	EndGlobalSection
	GlobalSection(ExtensibilityGlobals) = postSolution
		SolutionGuid = {EF816033-B990-4D53-8D8E-9985A76D1EF6}
	EndGlobalSection
EndGlobal
